
Microsoft Visual Studio Solution File, Format Version 12.00
# Visual Studio 15
VisualStudioVersion = 15.0.28307.779
MinimumVisualStudioVersion = 10.0.40219.1
Project("{FAE04EC0-301F-11D3-BF4B-00C04F79EFBC}") = "ImageTest", "ImageTest\ImageTest.csproj", "{75ED3BAD-4F06-4B91-9277-C9D1BCB628D1}"
EndProject
Global
	GlobalSection(SolutionConfigurationPlatforms) = preSolution
		Debug|Any CPU = Debug|Any CPU
		Release|Any CPU = Release|Any CPU
	EndGlobalSection
	GlobalSection(ProjectConfigurationPlatforms) = postSolution
		{75ED3BAD-4F06-4B91-9277-C9D1BCB628D1}.Debug|Any CPU.ActiveCfg = Debug|Any CPU
		{75ED3BAD-4F06-4B91-9277-C9D1BCB628D1}.Debug|Any CPU.Build.0 = Debug|Any CPU
		{75ED3BAD-4F06-4B91-9277-C9D1BCB628D1}.Release|Any CPU.ActiveCfg = Release|Any CPU
		{75ED3BAD-4F06-4B91-9277-C9D1BCB628D1}.Release|Any CPU.Build.0 = Release|Any CPU
	EndGlobalSection
	GlobalSection(SolutionProperties) = preSolution
		HideSolutionNode = FALSE
	EndGlobalSection
	GlobalSection(ExtensibilityGlobals) = postSolution
		SolutionGuid = {6A785484-1DEA-4B9F-A707-49ECA433043E}
	EndGlobalSection
EndGlobal
